
Microsoft Visual Studio Solution File, Format Version 12.00
# Visual Studio 15
VisualStudioVersion = 15.0.28307.168
MinimumVisualStudioVersion = 10.0.40219.1
Project("{FAE04EC0-301F-11D3-BF4B-00C04F79EFBC}") = "AzureQueueProcessor", "AzureQueueProcessor\AzureQueueProcessor.csproj", "{61F52404-642D-45DA-8DF5-B6AA7D088F83}"
EndProject
Project("{FAE04EC0-301F-11D3-BF4B-00C04F79EFBC}") = "BlobStorageManager", "BlobStorageManager\BlobStorageManager.csproj", "{C1A64892-CB1E-473A-8EBC-FFCE769DA4C0}"
EndProject
Global
	GlobalSection(SolutionConfigurationPlatforms) = preSolution
		Debug|Any CPU = Debug|Any CPU
		Release|Any CPU = Release|Any CPU
	EndGlobalSection
	GlobalSection(ProjectConfigurationPlatforms) = postSolution
		{61F52404-642D-45DA-8DF5-B6AA7D088F83}.Debug|Any CPU.ActiveCfg = Debug|Any CPU
		{61F52404-642D-45DA-8DF5-B6AA7D088F83}.Debug|Any CPU.Build.0 = Debug|Any CPU
		{61F52404-642D-45DA-8DF5-B6AA7D088F83}.Release|Any CPU.ActiveCfg = Release|Any CPU
		{61F52404-642D-45DA-8DF5-B6AA7D088F83}.Release|Any CPU.Build.0 = Release|Any CPU
		{C1A64892-CB1E-473A-8EBC-FFCE769DA4C0}.Debug|Any CPU.ActiveCfg = Debug|Any CPU
		{C1A64892-CB1E-473A-8EBC-FFCE769DA4C0}.Debug|Any CPU.Build.0 = Debug|Any CPU
		{C1A64892-CB1E-473A-8EBC-FFCE769DA4C0}.Release|Any CPU.ActiveCfg = Release|Any CPU
		{C1A64892-CB1E-473A-8EBC-FFCE769DA4C0}.Release|Any CPU.Build.0 = Release|Any CPU
	EndGlobalSection
	GlobalSection(SolutionProperties) = preSolution
		HideSolutionNode = FALSE
	EndGlobalSection
	GlobalSection(ExtensibilityGlobals) = postSolution
		SolutionGuid = {E34EC397-E685-46BD-9843-E021A7579836}
	EndGlobalSection
EndGlobal
